// !$*UTF8*$!
{
	archiveVersion = 1;
	classes = {
	};
	objectVersion = 52;
	objects = {

/* Begin PBXBuildFile section */
		2F2F5A2126E2C91C004C9179 /* AppDelegate.swift in Sources */ = {isa = PBXBuildFile; fileRef = 2F2F5A2026E2C91C004C9179 /* AppDelegate.swift */; };
		2F2F5A2326E2C91C004C9179 /* SceneDelegate.swift in Sources */ = {isa = PBXBuildFile; fileRef = 2F2F5A2226E2C91C004C9179 /* SceneDelegate.swift */; };
		2F2F5A2526E2C91C004C9179 /* ViewController.swift in Sources */ = {isa = PBXBuildFile; fileRef = 2F2F5A2426E2C91C004C9179 /* ViewController.swift */; };
		2F2F5A2826E2C91C004C9179 /* Main.storyboard in Resources */ = {isa = PBXBuildFile; fileRef = 2F2F5A2626E2C91C004C9179 /* Main.storyboard */; };
		2F2F5A2A26E2C91D004C9179 /* Assets.xcassets in Resources */ = {isa = PBXBuildFile; fileRef = 2F2F5A2926E2C91D004C9179 /* Assets.xcassets */; };
		2F2F5A2D26E2C91D004C9179 /* LaunchScreen.storyboard in Resources */ = {isa = PBXBuildFile; fileRef = 2F2F5A2B26E2C91D004C9179 /* LaunchScreen.storyboard */; };
		2F2F5A3626E2CB67004C9179 /* SDWebImage in Frameworks */ = {isa = PBXBuildFile; productRef = 2F2F5A3526E2CB67004C9179 /* SDWebImage */; };
		2F2F5A3F26E2CBFB004C9179 /* ColorPalette.swift in Sources */ = {isa = PBXBuildFile; fileRef = 2F2F5A3E26E2CBFB004C9179 /* ColorPalette.swift */; };
		2F2F5A4126E2CC6D004C9179 /* Books.swift in Sources */ = {isa = PBXBuildFile; fileRef = 2F2F5A4026E2CC6D004C9179 /* Books.swift */; };
		2F2F5A4326E2CCFF004C9179 /* APIService.swift in Sources */ = {isa = PBXBuildFile; fileRef = 2F2F5A4226E2CCFF004C9179 /* APIService.swift */; };
		2F2F5A4526E2CD4E004C9179 /* BooksViewModel.swift in Sources */ = {isa = PBXBuildFile; fileRef = 2F2F5A4426E2CD4E004C9179 /* BooksViewModel.swift */; };
		2F2F5A4726E2CE4A004C9179 /* BooksViewController.swift in Sources */ = {isa = PBXBuildFile; fileRef = 2F2F5A4626E2CE4A004C9179 /* BooksViewController.swift */; };
		2F2F5A4D26E2CE9B004C9179 /* BookCollectionViewCell.swift in Sources */ = {isa = PBXBuildFile; fileRef = 2F2F5A4B26E2CE9B004C9179 /* BookCollectionViewCell.swift */; };
		2F2F5A4E26E2CE9B004C9179 /* BookCollectionViewCell.xib in Resources */ = {isa = PBXBuildFile; fileRef = 2F2F5A4C26E2CE9B004C9179 /* BookCollectionViewCell.xib */; };
		2F2F5A5126E2CEB8004C9179 /* HeaderBookTableViewCell.swift in Sources */ = {isa = PBXBuildFile; fileRef = 2F2F5A4F26E2CEB8004C9179 /* HeaderBookTableViewCell.swift */; };
		2F2F5A5226E2CEB8004C9179 /* HeaderBookTableViewCell.xib in Resources */ = {isa = PBXBuildFile; fileRef = 2F2F5A5026E2CEB8004C9179 /* HeaderBookTableViewCell.xib */; };
		2F2F5A5526E2CED3004C9179 /* BooksTableViewCell.swift in Sources */ = {isa = PBXBuildFile; fileRef = 2F2F5A5326E2CED3004C9179 /* BooksTableViewCell.swift */; };
		2F2F5A5626E2CED3004C9179 /* BooksTableViewCell.xib in Resources */ = {isa = PBXBuildFile; fileRef = 2F2F5A5426E2CED3004C9179 /* BooksTableViewCell.xib */; };
/* End PBXBuildFile section */

/* Begin PBXFileReference section */
		2F2F5A1D26E2C91C004C9179 /* ChallengeMarceloVelasquez.app */ = {isa = PBXFileReference; explicitFileType = wrapper.application; includeInIndex = 0; path = ChallengeMarceloVelasquez.app; sourceTree = BUILT_PRODUCTS_DIR; };
		2F2F5A2026E2C91C004C9179 /* AppDelegate.swift */ = {isa = PBXFileReference; lastKnownFileType = sourcecode.swift; path = AppDelegate.swift; sourceTree = "<group>"; };
		2F2F5A2226E2C91C004C9179 /* SceneDelegate.swift */ = {isa = PBXFileReference; lastKnownFileType = sourcecode.swift; path = SceneDelegate.swift; sourceTree = "<group>"; };
		2F2F5A2426E2C91C004C9179 /* ViewController.swift */ = {isa = PBXFileReference; lastKnownFileType = sourcecode.swift; path = ViewController.swift; sourceTree = "<group>"; };
		2F2F5A2726E2C91C004C9179 /* Base */ = {isa = PBXFileReference; lastKnownFileType = file.storyboard; name = Base; path = Base.lproj/Main.storyboard; sourceTree = "<group>"; };
		2F2F5A2926E2C91D004C9179 /* Assets.xcassets */ = {isa = PBXFileReference; lastKnownFileType = folder.assetcatalog; path = Assets.xcassets; sourceTree = "<group>"; };
		2F2F5A2C26E2C91D004C9179 /* Base */ = {isa = PBXFileReference; lastKnownFileType = file.storyboard; name = Base; path = Base.lproj/LaunchScreen.storyboard; sourceTree = "<group>"; };
		2F2F5A2E26E2C91D004C9179 /* Info.plist */ = {isa = PBXFileReference; lastKnownFileType = text.plist.xml; path = Info.plist; sourceTree = "<group>"; };
		2F2F5A3E26E2CBFB004C9179 /* ColorPalette.swift */ = {isa = PBXFileReference; lastKnownFileType = sourcecode.swift; path = ColorPalette.swift; sourceTree = "<group>"; };
		2F2F5A4026E2CC6D004C9179 /* Books.swift */ = {isa = PBXFileReference; lastKnownFileType = sourcecode.swift; path = Books.swift; sourceTree = "<group>"; };
		2F2F5A4226E2CCFF004C9179 /* APIService.swift */ = {isa = PBXFileReference; lastKnownFileType = sourcecode.swift; path = APIService.swift; sourceTree = "<group>"; };
		2F2F5A4426E2CD4E004C9179 /* BooksViewModel.swift */ = {isa = PBXFileReference; lastKnownFileType = sourcecode.swift; path = BooksViewModel.swift; sourceTree = "<group>"; };
		2F2F5A4626E2CE4A004C9179 /* BooksViewController.swift */ = {isa = PBXFileReference; lastKnownFileType = sourcecode.swift; path = BooksViewController.swift; sourceTree = "<group>"; };
		2F2F5A4B26E2CE9B004C9179 /* BookCollectionViewCell.swift */ = {isa = PBXFileReference; lastKnownFileType = sourcecode.swift; path = BookCollectionViewCell.swift; sourceTree = "<group>"; };
		2F2F5A4C26E2CE9B004C9179 /* BookCollectionViewCell.xib */ = {isa = PBXFileReference; lastKnownFileType = file.xib; path = BookCollectionViewCell.xib; sourceTree = "<group>"; };
		2F2F5A4F26E2CEB8004C9179 /* HeaderBookTableViewCell.swift */ = {isa = PBXFileReference; lastKnownFileType = sourcecode.swift; path = HeaderBookTableViewCell.swift; sourceTree = "<group>"; };
		2F2F5A5026E2CEB8004C9179 /* HeaderBookTableViewCell.xib */ = {isa = PBXFileReference; lastKnownFileType = file.xib; path = HeaderBookTableViewCell.xib; sourceTree = "<group>"; };
		2F2F5A5326E2CED3004C9179 /* BooksTableViewCell.swift */ = {isa = PBXFileReference; lastKnownFileType = sourcecode.swift; path = BooksTableViewCell.swift; sourceTree = "<group>"; };
		2F2F5A5426E2CED3004C9179 /* BooksTableViewCell.xib */ = {isa = PBXFileReference; lastKnownFileType = file.xib; path = BooksTableViewCell.xib; sourceTree = "<group>"; };
/* End PBXFileReference section */

/* Begin PBXFrameworksBuildPhase section */
		2F2F5A1A26E2C91C004C9179 /* Frameworks */ = {
			isa = PBXFrameworksBuildPhase;
			buildActionMask = 2147483647;
			files = (
				2F2F5A3626E2CB67004C9179 /* SDWebImage in Frameworks */,
			);
			runOnlyForDeploymentPostprocessing = 0;
		};
/* End PBXFrameworksBuildPhase section */

/* Begin PBXGroup section */
		2F2F5A1426E2C91C004C9179 = {
			isa = PBXGroup;
			children = (
				2F2F5A1F26E2C91C004C9179 /* ChallengeMarceloVelasquez */,
				2F2F5A1E26E2C91C004C9179 /* Products */,
			);
			sourceTree = "<group>";
		};
		2F2F5A1E26E2C91C004C9179 /* Products */ = {
			isa = PBXGroup;
			children = (
				2F2F5A1D26E2C91C004C9179 /* ChallengeMarceloVelasquez.app */,
			);
			name = Products;
			sourceTree = "<group>";
		};
		2F2F5A1F26E2C91C004C9179 /* ChallengeMarceloVelasquez */ = {
			isa = PBXGroup;
			children = (
				2F2F5A3D26E2CBD7004C9179 /* API Service */,
				2F2F5A3C26E2CBD2004C9179 /* ViewModels */,
				2F2F5A3B26E2CBCC004C9179 /* Models */,
				2F2F5A3A26E2CBC3004C9179 /* Commom */,
				2F2F5A3926E2CBBF004C9179 /* Controllers */,
				2F2F5A3826E2CBB4004C9179 /* Cells */,
				2F2F5A3726E2CBB0004C9179 /* Support */,
				2F2F5A2626E2C91C004C9179 /* Main.storyboard */,
				2F2F5A2926E2C91D004C9179 /* Assets.xcassets */,
				2F2F5A2B26E2C91D004C9179 /* LaunchScreen.storyboard */,
				2F2F5A2E26E2C91D004C9179 /* Info.plist */,
			);
			path = ChallengeMarceloVelasquez;
			sourceTree = "<group>";
		};
		2F2F5A3726E2CBB0004C9179 /* Support */ = {
			isa = PBXGroup;
			children = (
				2F2F5A3E26E2CBFB004C9179 /* ColorPalette.swift */,
			);
			path = Support;
			sourceTree = "<group>";
		};
		2F2F5A3826E2CBB4004C9179 /* Cells */ = {
			isa = PBXGroup;
			children = (
				2F2F5A4A26E2CE7C004C9179 /* BooksCollection */,
				2F2F5A4926E2CE75004C9179 /* BooksTable */,
			);
			path = Cells;
			sourceTree = "<group>";
		};
		2F2F5A3926E2CBBF004C9179 /* Controllers */ = {
			isa = PBXGroup;
			children = (
				2F2F5A2426E2C91C004C9179 /* ViewController.swift */,
				2F2F5A4626E2CE4A004C9179 /* BooksViewController.swift */,
			);
			path = Controllers;
			sourceTree = "<group>";
		};
		2F2F5A3A26E2CBC3004C9179 /* Commom */ = {
			isa = PBXGroup;
			children = (
				2F2F5A2026E2C91C004C9179 /* AppDelegate.swift */,
				2F2F5A2226E2C91C004C9179 /* SceneDelegate.swift */,
			);
			path = Commom;
			sourceTree = "<group>";
		};
		2F2F5A3B26E2CBCC004C9179 /* Models */ = {
			isa = PBXGroup;
			children = (
				2F2F5A4026E2CC6D004C9179 /* Books.swift */,
			);
			path = Models;
			sourceTree = "<group>";
		};
		2F2F5A3C26E2CBD2004C9179 /* ViewModels */ = {
			isa = PBXGroup;
			children = (
				2F2F5A4426E2CD4E004C9179 /* BooksViewModel.swift */,
			);
			path = ViewModels;
			sourceTree = "<group>";
		};
		2F2F5A3D26E2CBD7004C9179 /* API Service */ = {
			isa = PBXGroup;
			children = (
				2F2F5A4226E2CCFF004C9179 /* APIService.swift */,
			);
			path = "API Service";
			sourceTree = "<group>";
		};
		2F2F5A4926E2CE75004C9179 /* BooksTable */ = {
			isa = PBXGroup;
			children = (
				2F2F5A4F26E2CEB8004C9179 /* HeaderBookTableViewCell.swift */,
				2F2F5A5026E2CEB8004C9179 /* HeaderBookTableViewCell.xib */,
				2F2F5A5326E2CED3004C9179 /* BooksTableViewCell.swift */,
				2F2F5A5426E2CED3004C9179 /* BooksTableViewCell.xib */,
			);
			path = BooksTable;
			sourceTree = "<group>";
		};
		2F2F5A4A26E2CE7C004C9179 /* BooksCollection */ = {
			isa = PBXGroup;
			children = (
				2F2F5A4B26E2CE9B004C9179 /* BookCollectionViewCell.swift */,
				2F2F5A4C26E2CE9B004C9179 /* BookCollectionViewCell.xib */,
			);
			path = BooksCollection;
			sourceTree = "<group>";
		};
/* End PBXGroup section */

/* Begin PBXNativeTarget section */
		2F2F5A1C26E2C91C004C9179 /* ChallengeMarceloVelasquez */ = {
			isa = PBXNativeTarget;
			buildConfigurationList = 2F2F5A3126E2C91D004C9179 /* Build configuration list for PBXNativeTarget "ChallengeMarceloVelasquez" */;
			buildPhases = (
				2F2F5A1926E2C91C004C9179 /* Sources */,
				2F2F5A1A26E2C91C004C9179 /* Frameworks */,
				2F2F5A1B26E2C91C004C9179 /* Resources */,
			);
			buildRules = (
			);
			dependencies = (
			);
			name = ChallengeMarceloVelasquez;
			packageProductDependencies = (
				2F2F5A3526E2CB67004C9179 /* SDWebImage */,
			);
			productName = ChallengeMarceloVelasquez;
			productReference = 2F2F5A1D26E2C91C004C9179 /* ChallengeMarceloVelasquez.app */;
			productType = "com.apple.product-type.application";
		};
/* End PBXNativeTarget section */

/* Begin PBXProject section */
		2F2F5A1526E2C91C004C9179 /* Project object */ = {
			isa = PBXProject;
			attributes = {
				LastSwiftUpdateCheck = 1250;
				LastUpgradeCheck = 1250;
				TargetAttributes = {
					2F2F5A1C26E2C91C004C9179 = {
						CreatedOnToolsVersion = 12.5.1;
					};
				};
			};
			buildConfigurationList = 2F2F5A1826E2C91C004C9179 /* Build configuration list for PBXProject "ChallengeMarceloVelasquez" */;
			compatibilityVersion = "Xcode 9.3";
			developmentRegion = en;
			hasScannedForEncodings = 0;
			knownRegions = (
				en,
				Base,
			);
			mainGroup = 2F2F5A1426E2C91C004C9179;
			packageReferences = (
				2F2F5A3426E2CB67004C9179 /* XCRemoteSwiftPackageReference "SDWebImage" */,
			);
			productRefGroup = 2F2F5A1E26E2C91C004C9179 /* Products */;
			projectDirPath = "";
			projectRoot = "";
			targets = (
				2F2F5A1C26E2C91C004C9179 /* ChallengeMarceloVelasquez */,
			);
		};
/* End PBXProject section */

/* Begin PBXResourcesBuildPhase section */
		2F2F5A1B26E2C91C004C9179 /* Resources */ = {
			isa = PBXResourcesBuildPhase;
			buildActionMask = 2147483647;
			files = (
				2F2F5A5626E2CED3004C9179 /* BooksTableViewCell.xib in Resources */,
				2F2F5A5226E2CEB8004C9179 /* HeaderBookTableViewCell.xib in Resources */,
				2F2F5A2D26E2C91D004C9179 /* LaunchScreen.storyboard in Resources */,
				2F2F5A4E26E2CE9B004C9179 /* BookCollectionViewCell.xib in Resources */,
				2F2F5A2A26E2C91D004C9179 /* Assets.xcassets in Resources */,
				2F2F5A2826E2C91C004C9179 /* Main.storyboard in Resources */,
			);
			runOnlyForDeploymentPostprocessing = 0;
		};
/* End PBXResourcesBuildPhase section */

/* Begin PBXSourcesBuildPhase section */
		2F2F5A1926E2C91C004C9179 /* Sources */ = {
			isa = PBXSourcesBuildPhase;
			buildActionMask = 2147483647;
			files = (
				2F2F5A2526E2C91C004C9179 /* ViewController.swift in Sources */,
				2F2F5A4726E2CE4A004C9179 /* BooksViewController.swift in Sources */,
				2F2F5A2126E2C91C004C9179 /* AppDelegate.swift in Sources */,
				2F2F5A5126E2CEB8004C9179 /* HeaderBookTableViewCell.swift in Sources */,
				2F2F5A4D26E2CE9B004C9179 /* BookCollectionViewCell.swift in Sources */,
				2F2F5A2326E2C91C004C9179 /* SceneDelegate.swift in Sources */,
				2F2F5A4526E2CD4E004C9179 /* BooksViewModel.swift in Sources */,
				2F2F5A3F26E2CBFB004C9179 /* ColorPalette.swift in Sources */,
				2F2F5A4326E2CCFF004C9179 /* APIService.swift in Sources */,
				2F2F5A4126E2CC6D004C9179 /* Books.swift in Sources */,
				2F2F5A5526E2CED3004C9179 /* BooksTableViewCell.swift in Sources */,
			);
			runOnlyForDeploymentPostprocessing = 0;
		};
/* End PBXSourcesBuildPhase section */

/* Begin PBXVariantGroup section */
		2F2F5A2626E2C91C004C9179 /* Main.storyboard */ = {
			isa = PBXVariantGroup;
			children = (
				2F2F5A2726E2C91C004C9179 /* Base */,
			);
			name = Main.storyboard;
			sourceTree = "<group>";
		};
		2F2F5A2B26E2C91D004C9179 /* LaunchScreen.storyboard */ = {
			isa = PBXVariantGroup;
			children = (
				2F2F5A2C26E2C91D004C9179 /* Base */,
			);
			name = LaunchScreen.storyboard;
			sourceTree = "<group>";
		};
/* End PBXVariantGroup section */

/* Begin XCBuildConfiguration section */
		2F2F5A2F26E2C91D004C9179 /* Debug */ = {
			isa = XCBuildConfiguration;
			buildSettings = {
				ALWAYS_SEARCH_USER_PATHS = NO;
				CLANG_ANALYZER_NONNULL = YES;
				CLANG_ANALYZER_NUMBER_OBJECT_CONVERSION = YES_AGGRESSIVE;
				CLANG_CXX_LANGUAGE_STANDARD = "gnu++14";
				CLANG_CXX_LIBRARY = "libc++";
				CLANG_ENABLE_MODULES = YES;
				CLANG_ENABLE_OBJC_ARC = YES;
				CLANG_ENABLE_OBJC_WEAK = YES;
				CLANG_WARN_BLOCK_CAPTURE_AUTORELEASING = YES;
				CLANG_WARN_BOOL_CONVERSION = YES;
				CLANG_WARN_COMMA = YES;
				CLANG_WARN_CONSTANT_CONVERSION = YES;
				CLANG_WARN_DEPRECATED_OBJC_IMPLEMENTATIONS = YES;
				CLANG_WARN_DIRECT_OBJC_ISA_USAGE = YES_ERROR;
				CLANG_WARN_DOCUMENTATION_COMMENTS = YES;
				CLANG_WARN_EMPTY_BODY = YES;
				CLANG_WARN_ENUM_CONVERSION = YES;
				CLANG_WARN_INFINITE_RECURSION = YES;
				CLANG_WARN_INT_CONVERSION = YES;
				CLANG_WARN_NON_LITERAL_NULL_CONVERSION = YES;
				CLANG_WARN_OBJC_IMPLICIT_RETAIN_SELF = YES;
				CLANG_WARN_OBJC_LITERAL_CONVERSION = YES;
				CLANG_WARN_OBJC_ROOT_CLASS = YES_ERROR;
				CLANG_WARN_QUOTED_INCLUDE_IN_FRAMEWORK_HEADER = YES;
				CLANG_WARN_RANGE_LOOP_ANALYSIS = YES;
				CLANG_WARN_STRICT_PROTOTYPES = YES;
				CLANG_WARN_SUSPICIOUS_MOVE = YES;
				CLANG_WARN_UNGUARDED_AVAILABILITY = YES_AGGRESSIVE;
				CLANG_WARN_UNREACHABLE_CODE = YES;
				CLANG_WARN__DUPLICATE_METHOD_MATCH = YES;
				COPY_PHASE_STRIP = NO;
				DEBUG_INFORMATION_FORMAT = dwarf;
				ENABLE_STRICT_OBJC_MSGSEND = YES;
				ENABLE_TESTABILITY = YES;
				GCC_C_LANGUAGE_STANDARD = gnu11;
				GCC_DYNAMIC_NO_PIC = NO;
				GCC_NO_COMMON_BLOCKS = YES;
				GCC_OPTIMIZATION_LEVEL = 0;
				GCC_PREPROCESSOR_DEFINITIONS = (
					"DEBUG=1",
					"$(inherited)",
				);
				GCC_WARN_64_TO_32_BIT_CONVERSION = YES;
				GCC_WARN_ABOUT_RETURN_TYPE = YES_ERROR;
				GCC_WARN_UNDECLARED_SELECTOR = YES;
				GCC_WARN_UNINITIALIZED_AUTOS = YES_AGGRESSIVE;
				GCC_WARN_UNUSED_FUNCTION = YES;
				GCC_WARN_UNUSED_VARIABLE = YES;
				IPHONEOS_DEPLOYMENT_TARGET = 14.5;
				MTL_ENABLE_DEBUG_INFO = INCLUDE_SOURCE;
				MTL_FAST_MATH = YES;
				ONLY_ACTIVE_ARCH = YES;
				SDKROOT = iphoneos;
				SWIFT_ACTIVE_COMPILATION_CONDITIONS = DEBUG;
				SWIFT_OPTIMIZATION_LEVEL = "-Onone";
			};
			name = Debug;
		};
		2F2F5A3026E2C91D004C9179 /* Release */ = {
			isa = XCBuildConfiguration;
			buildSettings = {
				ALWAYS_SEARCH_USER_PATHS = NO;
				CLANG_ANALYZER_NONNULL = YES;
				CLANG_ANALYZER_NUMBER_OBJECT_CONVERSION = YES_AGGRESSIVE;
				CLANG_CXX_LANGUAGE_STANDARD = "gnu++14";
				CLANG_CXX_LIBRARY = "libc++";
				CLANG_ENABLE_MODULES = YES;
				CLANG_ENABLE_OBJC_ARC = YES;
				CLANG_ENABLE_OBJC_WEAK = YES;
				CLANG_WARN_BLOCK_CAPTURE_AUTORELEASING = YES;
				CLANG_WARN_BOOL_CONVERSION = YES;
				CLANG_WARN_COMMA = YES;
				CLANG_WARN_CONSTANT_CONVERSION = YES;
				CLANG_WARN_DEPRECATED_OBJC_IMPLEMENTATIONS = YES;
				CLANG_WARN_DIRECT_OBJC_ISA_USAGE = YES_ERROR;
				CLANG_WARN_DOCUMENTATION_COMMENTS = YES;
				CLANG_WARN_EMPTY_BODY = YES;
				CLANG_WARN_ENUM_CONVERSION = YES;
				CLANG_WARN_INFINITE_RECURSION = YES;
				CLANG_WARN_INT_CONVERSION = YES;
				CLANG_WARN_NON_LITERAL_NULL_CONVERSION = YES;
				CLANG_WARN_OBJC_IMPLICIT_RETAIN_SELF = YES;
				CLANG_WARN_OBJC_LITERAL_CONVERSION = YES;
				CLANG_WARN_OBJC_ROOT_CLASS = YES_ERROR;
				CLANG_WARN_QUOTED_INCLUDE_IN_FRAMEWORK_HEADER = YES;
				CLANG_WARN_RANGE_LOOP_ANALYSIS = YES;
				CLANG_WARN_STRICT_PROTOTYPES = YES;
				CLANG_WARN_SUSPICIOUS_MOVE = YES;
				CLANG_WARN_UNGUARDED_AVAILABILITY = YES_AGGRESSIVE;
				CLANG_WARN_UNREACHABLE_CODE = YES;
				CLANG_WARN__DUPLICATE_METHOD_MATCH = YES;
				COPY_PHASE_STRIP = NO;
				DEBUG_INFORMATION_FORMAT = "dwarf-with-dsym";
				ENABLE_NS_ASSERTIONS = NO;
				ENABLE_STRICT_OBJC_MSGSEND = YES;
				GCC_C_LANGUAGE_STANDARD = gnu11;
				GCC_NO_COMMON_BLOCKS = YES;
				GCC_WARN_64_TO_32_BIT_CONVERSION = YES;
				GCC_WARN_ABOUT_RETURN_TYPE = YES_ERROR;
				GCC_WARN_UNDECLARED_SELECTOR = YES;
				GCC_WARN_UNINITIALIZED_AUTOS = YES_AGGRESSIVE;
				GCC_WARN_UNUSED_FUNCTION = YES;
				GCC_WARN_UNUSED_VARIABLE = YES;
				IPHONEOS_DEPLOYMENT_TARGET = 14.5;
				MTL_ENABLE_DEBUG_INFO = NO;
				MTL_FAST_MATH = YES;
				SDKROOT = iphoneos;
				SWIFT_COMPILATION_MODE = wholemodule;
				SWIFT_OPTIMIZATION_LEVEL = "-O";
				VALIDATE_PRODUCT = YES;
			};
			name = Release;
		};
		2F2F5A3226E2C91D004C9179 /* Debug */ = {
			isa = XCBuildConfiguration;
			buildSettings = {
				ASSETCATALOG_COMPILER_APPICON_NAME = AppIcon;
				ASSETCATALOG_COMPILER_GLOBAL_ACCENT_COLOR_NAME = AccentColor;
				CODE_SIGN_STYLE = Automatic;
				DEVELOPMENT_TEAM = 22P58SR4VW;
				INFOPLIST_FILE = ChallengeMarceloVelasquez/Info.plist;
				LD_RUNPATH_SEARCH_PATHS = (
					"$(inherited)",
					"@executable_path/Frameworks",
				);
				PRODUCT_BUNDLE_IDENTIFIER = com.mvelasquezherrera.ChallengeMarceloVelasquez;
				PRODUCT_NAME = "$(TARGET_NAME)";
				SWIFT_VERSION = 5.0;
				TARGETED_DEVICE_FAMILY = "1,2";
			};
			name = Debug;
		};
		2F2F5A3326E2C91D004C9179 /* Release */ = {
			isa = XCBuildConfiguration;
			buildSettings = {
				ASSETCATALOG_COMPILER_APPICON_NAME = AppIcon;
				ASSETCATALOG_COMPILER_GLOBAL_ACCENT_COLOR_NAME = AccentColor;
				CODE_SIGN_STYLE = Automatic;
				DEVELOPMENT_TEAM = 22P58SR4VW;
				INFOPLIST_FILE = ChallengeMarceloVelasquez/Info.plist;
				LD_RUNPATH_SEARCH_PATHS = (
					"$(inherited)",
					"@executable_path/Frameworks",
				);
				PRODUCT_BUNDLE_IDENTIFIER = com.mvelasquezherrera.ChallengeMarceloVelasquez;
				PRODUCT_NAME = "$(TARGET_NAME)";
				SWIFT_VERSION = 5.0;
				TARGETED_DEVICE_FAMILY = "1,2";
			};
			name = Release;
		};
/* End XCBuildConfiguration section */

/* Begin XCConfigurationList section */
		2F2F5A1826E2C91C004C9179 /* Build configuration list for PBXProject "ChallengeMarceloVelasquez" */ = {
			isa = XCConfigurationList;
			buildConfigurations = (
				2F2F5A2F26E2C91D004C9179 /* Debug */,
				2F2F5A3026E2C91D004C9179 /* Release */,
			);
			defaultConfigurationIsVisible = 0;
			defaultConfigurationName = Release;
		};
		2F2F5A3126E2C91D004C9179 /* Build configuration list for PBXNativeTarget "ChallengeMarceloVelasquez" */ = {
			isa = XCConfigurationList;
			buildConfigurations = (
				2F2F5A3226E2C91D004C9179 /* Debug */,
				2F2F5A3326E2C91D004C9179 /* Release */,
			);
			defaultConfigurationIsVisible = 0;
			defaultConfigurationName = Release;
		};
/* End XCConfigurationList section */

/* Begin XCRemoteSwiftPackageReference section */
		2F2F5A3426E2CB67004C9179 /* XCRemoteSwiftPackageReference "SDWebImage" */ = {
			isa = XCRemoteSwiftPackageReference;
			repositoryURL = "https://github.com/SDWebImage/SDWebImage.git";
			requirement = {
				kind = upToNextMajorVersion;
				minimumVersion = 5.11.1;
			};
		};
/* End XCRemoteSwiftPackageReference section */

/* Begin XCSwiftPackageProductDependency section */
		2F2F5A3526E2CB67004C9179 /* SDWebImage */ = {
			isa = XCSwiftPackageProductDependency;
			package = 2F2F5A3426E2CB67004C9179 /* XCRemoteSwiftPackageReference "SDWebImage" */;
			productName = SDWebImage;
		};
/* End XCSwiftPackageProductDependency section */
	};
	rootObject = 2F2F5A1526E2C91C004C9179 /* Project object */;
}
